// !$*UTF8*$!
{
	archiveVersion = 1;
	classes = {
	};
	objectVersion = 56;
	objects = {

/* Begin PBXBuildFile section */
		538C36532AFF58C400DF66CF /* LoginViewController.swift in Sources */ = {isa = PBXBuildFile; fileRef = 538C36522AFF58C400DF66CF /* LoginViewController.swift */; };
		538C36552AFF5A6700DF66CF /* CreateAccoutViewController.swift in Sources */ = {isa = PBXBuildFile; fileRef = 538C36542AFF5A6700DF66CF /* CreateAccoutViewController.swift */; };
		538C36572AFF5C4400DF66CF /* GoogleService-Info.plist in Resources */ = {isa = PBXBuildFile; fileRef = 538C36562AFF5C4400DF66CF /* GoogleService-Info.plist */; };
		538C365A2AFF5DAB00DF66CF /* FirebaseAnalytics in Frameworks */ = {isa = PBXBuildFile; productRef = 538C36592AFF5DAB00DF66CF /* FirebaseAnalytics */; };
		538C365C2AFF5DAB00DF66CF /* FirebaseAnalyticsOnDeviceConversion in Frameworks */ = {isa = PBXBuildFile; productRef = 538C365B2AFF5DAB00DF66CF /* FirebaseAnalyticsOnDeviceConversion */; };
		538C365E2AFF5DAB00DF66CF /* FirebaseAnalyticsSwift in Frameworks */ = {isa = PBXBuildFile; productRef = 538C365D2AFF5DAB00DF66CF /* FirebaseAnalyticsSwift */; };
		538C36602AFF5DAB00DF66CF /* FirebaseAnalyticsWithoutAdIdSupport in Frameworks */ = {isa = PBXBuildFile; productRef = 538C365F2AFF5DAB00DF66CF /* FirebaseAnalyticsWithoutAdIdSupport */; };
		538C36622AFF5DAB00DF66CF /* FirebaseAppCheck in Frameworks */ = {isa = PBXBuildFile; productRef = 538C36612AFF5DAB00DF66CF /* FirebaseAppCheck */; };
		538C36642AFF5DAB00DF66CF /* FirebaseAppDistribution-Beta in Frameworks */ = {isa = PBXBuildFile; productRef = 538C36632AFF5DAB00DF66CF /* FirebaseAppDistribution-Beta */; };
		538C36662AFF5DAB00DF66CF /* FirebaseAuth in Frameworks */ = {isa = PBXBuildFile; productRef = 538C36652AFF5DAB00DF66CF /* FirebaseAuth */; };
		538C36682AFF5DAB00DF66CF /* FirebaseAuthCombine-Community in Frameworks */ = {isa = PBXBuildFile; productRef = 538C36672AFF5DAB00DF66CF /* FirebaseAuthCombine-Community */; };
		538C366A2AFF5DAB00DF66CF /* FirebaseCrashlytics in Frameworks */ = {isa = PBXBuildFile; productRef = 538C36692AFF5DAB00DF66CF /* FirebaseCrashlytics */; };
		538C366C2AFF5DAB00DF66CF /* FirebaseDatabase in Frameworks */ = {isa = PBXBuildFile; productRef = 538C366B2AFF5DAB00DF66CF /* FirebaseDatabase */; };
		538C366E2AFF5DAB00DF66CF /* FirebaseDatabaseSwift in Frameworks */ = {isa = PBXBuildFile; productRef = 538C366D2AFF5DAB00DF66CF /* FirebaseDatabaseSwift */; };
		538C36702AFF5DAB00DF66CF /* FirebaseDynamicLinks in Frameworks */ = {isa = PBXBuildFile; productRef = 538C366F2AFF5DAB00DF66CF /* FirebaseDynamicLinks */; };
		538C36722AFF5DAB00DF66CF /* FirebaseFirestore in Frameworks */ = {isa = PBXBuildFile; productRef = 538C36712AFF5DAB00DF66CF /* FirebaseFirestore */; };
		538C36742AFF5DAB00DF66CF /* FirebaseFirestoreCombine-Community in Frameworks */ = {isa = PBXBuildFile; productRef = 538C36732AFF5DAB00DF66CF /* FirebaseFirestoreCombine-Community */; };
		538C36762AFF5DAB00DF66CF /* FirebaseFirestoreSwift in Frameworks */ = {isa = PBXBuildFile; productRef = 538C36752AFF5DAB00DF66CF /* FirebaseFirestoreSwift */; };
		538C36782AFF5DAB00DF66CF /* FirebaseFunctions in Frameworks */ = {isa = PBXBuildFile; productRef = 538C36772AFF5DAB00DF66CF /* FirebaseFunctions */; };
		538C367A2AFF5DAB00DF66CF /* FirebaseFunctionsCombine-Community in Frameworks */ = {isa = PBXBuildFile; productRef = 538C36792AFF5DAB00DF66CF /* FirebaseFunctionsCombine-Community */; };
		538C367C2AFF5DAB00DF66CF /* FirebaseInAppMessaging-Beta in Frameworks */ = {isa = PBXBuildFile; productRef = 538C367B2AFF5DAB00DF66CF /* FirebaseInAppMessaging-Beta */; };
		538C367E2AFF5DAB00DF66CF /* FirebaseInAppMessagingSwift-Beta in Frameworks */ = {isa = PBXBuildFile; productRef = 538C367D2AFF5DAB00DF66CF /* FirebaseInAppMessagingSwift-Beta */; };
		538C36802AFF5DAB00DF66CF /* FirebaseInstallations in Frameworks */ = {isa = PBXBuildFile; productRef = 538C367F2AFF5DAB00DF66CF /* FirebaseInstallations */; };
		538C36822AFF5DAB00DF66CF /* FirebaseMLModelDownloader in Frameworks */ = {isa = PBXBuildFile; productRef = 538C36812AFF5DAB00DF66CF /* FirebaseMLModelDownloader */; };
		538C36842AFF5DAB00DF66CF /* FirebaseMessaging in Frameworks */ = {isa = PBXBuildFile; productRef = 538C36832AFF5DAB00DF66CF /* FirebaseMessaging */; };
		538C36862AFF5DAB00DF66CF /* FirebasePerformance in Frameworks */ = {isa = PBXBuildFile; productRef = 538C36852AFF5DAB00DF66CF /* FirebasePerformance */; };
		538C36882AFF5DAB00DF66CF /* FirebaseRemoteConfig in Frameworks */ = {isa = PBXBuildFile; productRef = 538C36872AFF5DAB00DF66CF /* FirebaseRemoteConfig */; };
		538C368A2AFF5DAB00DF66CF /* FirebaseRemoteConfigSwift in Frameworks */ = {isa = PBXBuildFile; productRef = 538C36892AFF5DAB00DF66CF /* FirebaseRemoteConfigSwift */; };
		538C368C2AFF5DAB00DF66CF /* FirebaseStorage in Frameworks */ = {isa = PBXBuildFile; productRef = 538C368B2AFF5DAB00DF66CF /* FirebaseStorage */; };
		538C368E2AFF5DAB00DF66CF /* FirebaseStorageCombine-Community in Frameworks */ = {isa = PBXBuildFile; productRef = 538C368D2AFF5DAB00DF66CF /* FirebaseStorageCombine-Community */; };
		538C36902B089ED000DF66CF /* HomeViewController.swift in Sources */ = {isa = PBXBuildFile; fileRef = 538C368F2B089ED000DF66CF /* HomeViewController.swift */; };
		538C36922B08D88100DF66CF /* PostViewController.swift in Sources */ = {isa = PBXBuildFile; fileRef = 538C36912B08D88000DF66CF /* PostViewController.swift */; };
		538C36942B08D8A700DF66CF /* ExploreViewController.swift in Sources */ = {isa = PBXBuildFile; fileRef = 538C36932B08D8A700DF66CF /* ExploreViewController.swift */; };
		538C36962B08D8C400DF66CF /* ProfileViewController.swift in Sources */ = {isa = PBXBuildFile; fileRef = 538C36952B08D8C400DF66CF /* ProfileViewController.swift */; };
		53D084492AFF50B6007F9830 /* AppDelegate.swift in Sources */ = {isa = PBXBuildFile; fileRef = 53D084482AFF50B6007F9830 /* AppDelegate.swift */; };
		53D0844B2AFF50B6007F9830 /* SceneDelegate.swift in Sources */ = {isa = PBXBuildFile; fileRef = 53D0844A2AFF50B6007F9830 /* SceneDelegate.swift */; };
		53D0844D2AFF50B6007F9830 /* ViewController.swift in Sources */ = {isa = PBXBuildFile; fileRef = 53D0844C2AFF50B6007F9830 /* ViewController.swift */; };
		53D084502AFF50B7007F9830 /* Main.storyboard in Resources */ = {isa = PBXBuildFile; fileRef = 53D0844E2AFF50B7007F9830 /* Main.storyboard */; };
		53D084522AFF50B9007F9830 /* Assets.xcassets in Resources */ = {isa = PBXBuildFile; fileRef = 53D084512AFF50B9007F9830 /* Assets.xcassets */; };
		53D084552AFF50B9007F9830 /* LaunchScreen.storyboard in Resources */ = {isa = PBXBuildFile; fileRef = 53D084532AFF50B9007F9830 /* LaunchScreen.storyboard */; };
/* End PBXBuildFile section */

/* Begin PBXFileReference section */
		538C36522AFF58C400DF66CF /* LoginViewController.swift */ = {isa = PBXFileReference; lastKnownFileType = sourcecode.swift; path = LoginViewController.swift; sourceTree = "<group>"; };
		538C36542AFF5A6700DF66CF /* CreateAccoutViewController.swift */ = {isa = PBXFileReference; lastKnownFileType = sourcecode.swift; path = CreateAccoutViewController.swift; sourceTree = "<group>"; };
		538C36562AFF5C4400DF66CF /* GoogleService-Info.plist */ = {isa = PBXFileReference; fileEncoding = 4; lastKnownFileType = text.plist.xml; path = "GoogleService-Info.plist"; sourceTree = "<group>"; };
		538C368F2B089ED000DF66CF /* HomeViewController.swift */ = {isa = PBXFileReference; lastKnownFileType = sourcecode.swift; path = HomeViewController.swift; sourceTree = "<group>"; };
		538C36912B08D88000DF66CF /* PostViewController.swift */ = {isa = PBXFileReference; lastKnownFileType = sourcecode.swift; path = PostViewController.swift; sourceTree = "<group>"; };
		538C36932B08D8A700DF66CF /* ExploreViewController.swift */ = {isa = PBXFileReference; lastKnownFileType = sourcecode.swift; path = ExploreViewController.swift; sourceTree = "<group>"; };
		538C36952B08D8C400DF66CF /* ProfileViewController.swift */ = {isa = PBXFileReference; lastKnownFileType = sourcecode.swift; path = ProfileViewController.swift; sourceTree = "<group>"; };
		53D084452AFF50B6007F9830 /* ActiveVillage.app */ = {isa = PBXFileReference; explicitFileType = wrapper.application; includeInIndex = 0; path = ActiveVillage.app; sourceTree = BUILT_PRODUCTS_DIR; };
		53D084482AFF50B6007F9830 /* AppDelegate.swift */ = {isa = PBXFileReference; lastKnownFileType = sourcecode.swift; path = AppDelegate.swift; sourceTree = "<group>"; };
		53D0844A2AFF50B6007F9830 /* SceneDelegate.swift */ = {isa = PBXFileReference; lastKnownFileType = sourcecode.swift; path = SceneDelegate.swift; sourceTree = "<group>"; };
		53D0844C2AFF50B6007F9830 /* ViewController.swift */ = {isa = PBXFileReference; lastKnownFileType = sourcecode.swift; path = ViewController.swift; sourceTree = "<group>"; };
		53D0844F2AFF50B7007F9830 /* Base */ = {isa = PBXFileReference; lastKnownFileType = file.storyboard; name = Base; path = Base.lproj/Main.storyboard; sourceTree = "<group>"; };
		53D084512AFF50B9007F9830 /* Assets.xcassets */ = {isa = PBXFileReference; lastKnownFileType = folder.assetcatalog; path = Assets.xcassets; sourceTree = "<group>"; };
		53D084542AFF50B9007F9830 /* Base */ = {isa = PBXFileReference; lastKnownFileType = file.storyboard; name = Base; path = Base.lproj/LaunchScreen.storyboard; sourceTree = "<group>"; };
		53D084562AFF50B9007F9830 /* Info.plist */ = {isa = PBXFileReference; lastKnownFileType = text.plist.xml; path = Info.plist; sourceTree = "<group>"; };
/* End PBXFileReference section */

/* Begin PBXFrameworksBuildPhase section */
		53D084422AFF50B6007F9830 /* Frameworks */ = {
			isa = PBXFrameworksBuildPhase;
			buildActionMask = 2147483647;
			files = (
				538C366C2AFF5DAB00DF66CF /* FirebaseDatabase in Frameworks */,
				538C367A2AFF5DAB00DF66CF /* FirebaseFunctionsCombine-Community in Frameworks */,
				538C36722AFF5DAB00DF66CF /* FirebaseFirestore in Frameworks */,
				538C365E2AFF5DAB00DF66CF /* FirebaseAnalyticsSwift in Frameworks */,
				538C365A2AFF5DAB00DF66CF /* FirebaseAnalytics in Frameworks */,
				538C365C2AFF5DAB00DF66CF /* FirebaseAnalyticsOnDeviceConversion in Frameworks */,
				538C36822AFF5DAB00DF66CF /* FirebaseMLModelDownloader in Frameworks */,
				538C36762AFF5DAB00DF66CF /* FirebaseFirestoreSwift in Frameworks */,
				538C36622AFF5DAB00DF66CF /* FirebaseAppCheck in Frameworks */,
				538C36602AFF5DAB00DF66CF /* FirebaseAnalyticsWithoutAdIdSupport in Frameworks */,
				538C36662AFF5DAB00DF66CF /* FirebaseAuth in Frameworks */,
				538C366A2AFF5DAB00DF66CF /* FirebaseCrashlytics in Frameworks */,
				538C368A2AFF5DAB00DF66CF /* FirebaseRemoteConfigSwift in Frameworks */,
				538C367C2AFF5DAB00DF66CF /* FirebaseInAppMessaging-Beta in Frameworks */,
				538C366E2AFF5DAB00DF66CF /* FirebaseDatabaseSwift in Frameworks */,
				538C36782AFF5DAB00DF66CF /* FirebaseFunctions in Frameworks */,
				538C368E2AFF5DAB00DF66CF /* FirebaseStorageCombine-Community in Frameworks */,
				538C36882AFF5DAB00DF66CF /* FirebaseRemoteConfig in Frameworks */,
				538C36642AFF5DAB00DF66CF /* FirebaseAppDistribution-Beta in Frameworks */,
				538C36682AFF5DAB00DF66CF /* FirebaseAuthCombine-Community in Frameworks */,
				538C36862AFF5DAB00DF66CF /* FirebasePerformance in Frameworks */,
				538C367E2AFF5DAB00DF66CF /* FirebaseInAppMessagingSwift-Beta in Frameworks */,
				538C368C2AFF5DAB00DF66CF /* FirebaseStorage in Frameworks */,
				538C36702AFF5DAB00DF66CF /* FirebaseDynamicLinks in Frameworks */,
				538C36742AFF5DAB00DF66CF /* FirebaseFirestoreCombine-Community in Frameworks */,
				538C36842AFF5DAB00DF66CF /* FirebaseMessaging in Frameworks */,
				538C36802AFF5DAB00DF66CF /* FirebaseInstallations in Frameworks */,
			);
			runOnlyForDeploymentPostprocessing = 0;
		};
/* End PBXFrameworksBuildPhase section */

/* Begin PBXGroup section */
		53D0843C2AFF50B6007F9830 = {
			isa = PBXGroup;
			children = (
				53D084472AFF50B6007F9830 /* ActiveVillage */,
				53D084462AFF50B6007F9830 /* Products */,
			);
			sourceTree = "<group>";
		};
		53D084462AFF50B6007F9830 /* Products */ = {
			isa = PBXGroup;
			children = (
				53D084452AFF50B6007F9830 /* ActiveVillage.app */,
			);
			name = Products;
			sourceTree = "<group>";
		};
		53D084472AFF50B6007F9830 /* ActiveVillage */ = {
			isa = PBXGroup;
			children = (
				53D084482AFF50B6007F9830 /* AppDelegate.swift */,
				53D0844A2AFF50B6007F9830 /* SceneDelegate.swift */,
				53D0844C2AFF50B6007F9830 /* ViewController.swift */,
				53D0844E2AFF50B7007F9830 /* Main.storyboard */,
				538C36522AFF58C400DF66CF /* LoginViewController.swift */,
				538C36542AFF5A6700DF66CF /* CreateAccoutViewController.swift */,
				538C36912B08D88000DF66CF /* PostViewController.swift */,
				538C36932B08D8A700DF66CF /* ExploreViewController.swift */,
				538C36952B08D8C400DF66CF /* ProfileViewController.swift */,
				538C368F2B089ED000DF66CF /* HomeViewController.swift */,
				53D084512AFF50B9007F9830 /* Assets.xcassets */,
				53D084532AFF50B9007F9830 /* LaunchScreen.storyboard */,
				53D084562AFF50B9007F9830 /* Info.plist */,
				538C36562AFF5C4400DF66CF /* GoogleService-Info.plist */,
			);
			path = ActiveVillage;
			sourceTree = "<group>";
		};
/* End PBXGroup section */

/* Begin PBXNativeTarget section */
		53D084442AFF50B6007F9830 /* ActiveVillage */ = {
			isa = PBXNativeTarget;
			buildConfigurationList = 53D084592AFF50B9007F9830 /* Build configuration list for PBXNativeTarget "ActiveVillage" */;
			buildPhases = (
				53D084412AFF50B6007F9830 /* Sources */,
				53D084422AFF50B6007F9830 /* Frameworks */,
				53D084432AFF50B6007F9830 /* Resources */,
			);
			buildRules = (
			);
			dependencies = (
			);
			name = ActiveVillage;
			packageProductDependencies = (
				538C36592AFF5DAB00DF66CF /* FirebaseAnalytics */,
				538C365B2AFF5DAB00DF66CF /* FirebaseAnalyticsOnDeviceConversion */,
				538C365D2AFF5DAB00DF66CF /* FirebaseAnalyticsSwift */,
				538C365F2AFF5DAB00DF66CF /* FirebaseAnalyticsWithoutAdIdSupport */,
				538C36612AFF5DAB00DF66CF /* FirebaseAppCheck */,
				538C36632AFF5DAB00DF66CF /* FirebaseAppDistribution-Beta */,
				538C36652AFF5DAB00DF66CF /* FirebaseAuth */,
				538C36672AFF5DAB00DF66CF /* FirebaseAuthCombine-Community */,
				538C36692AFF5DAB00DF66CF /* FirebaseCrashlytics */,
				538C366B2AFF5DAB00DF66CF /* FirebaseDatabase */,
				538C366D2AFF5DAB00DF66CF /* FirebaseDatabaseSwift */,
				538C366F2AFF5DAB00DF66CF /* FirebaseDynamicLinks */,
				538C36712AFF5DAB00DF66CF /* FirebaseFirestore */,
				538C36732AFF5DAB00DF66CF /* FirebaseFirestoreCombine-Community */,
				538C36752AFF5DAB00DF66CF /* FirebaseFirestoreSwift */,
				538C36772AFF5DAB00DF66CF /* FirebaseFunctions */,
				538C36792AFF5DAB00DF66CF /* FirebaseFunctionsCombine-Community */,
				538C367B2AFF5DAB00DF66CF /* FirebaseInAppMessaging-Beta */,
				538C367D2AFF5DAB00DF66CF /* FirebaseInAppMessagingSwift-Beta */,
				538C367F2AFF5DAB00DF66CF /* FirebaseInstallations */,
				538C36812AFF5DAB00DF66CF /* FirebaseMLModelDownloader */,
				538C36832AFF5DAB00DF66CF /* FirebaseMessaging */,
				538C36852AFF5DAB00DF66CF /* FirebasePerformance */,
				538C36872AFF5DAB00DF66CF /* FirebaseRemoteConfig */,
				538C36892AFF5DAB00DF66CF /* FirebaseRemoteConfigSwift */,
				538C368B2AFF5DAB00DF66CF /* FirebaseStorage */,
				538C368D2AFF5DAB00DF66CF /* FirebaseStorageCombine-Community */,
			);
			productName = ActiveVillage;
			productReference = 53D084452AFF50B6007F9830 /* ActiveVillage.app */;
			productType = "com.apple.product-type.application";
		};
/* End PBXNativeTarget section */

/* Begin PBXProject section */
		53D0843D2AFF50B6007F9830 /* Project object */ = {
			isa = PBXProject;
			attributes = {
				BuildIndependentTargetsInParallel = 1;
				LastSwiftUpdateCheck = 1500;
				LastUpgradeCheck = 1500;
				TargetAttributes = {
					53D084442AFF50B6007F9830 = {
						CreatedOnToolsVersion = 15.0.1;
					};
				};
			};
			buildConfigurationList = 53D084402AFF50B6007F9830 /* Build configuration list for PBXProject "ActiveVillage" */;
			compatibilityVersion = "Xcode 14.0";
			developmentRegion = en;
			hasScannedForEncodings = 0;
			knownRegions = (
				en,
				Base,
			);
			mainGroup = 53D0843C2AFF50B6007F9830;
			packageReferences = (
				538C36582AFF5DAB00DF66CF /* XCRemoteSwiftPackageReference "firebase-ios-sdk" */,
			);
			productRefGroup = 53D084462AFF50B6007F9830 /* Products */;
			projectDirPath = "";
			projectRoot = "";
			targets = (
				53D084442AFF50B6007F9830 /* ActiveVillage */,
			);
		};
/* End PBXProject section */

/* Begin PBXResourcesBuildPhase section */
		53D084432AFF50B6007F9830 /* Resources */ = {
			isa = PBXResourcesBuildPhase;
			buildActionMask = 2147483647;
			files = (
				53D084552AFF50B9007F9830 /* LaunchScreen.storyboard in Resources */,
				538C36572AFF5C4400DF66CF /* GoogleService-Info.plist in Resources */,
				53D084522AFF50B9007F9830 /* Assets.xcassets in Resources */,
				53D084502AFF50B7007F9830 /* Main.storyboard in Resources */,
			);
			runOnlyForDeploymentPostprocessing = 0;
		};
/* End PBXResourcesBuildPhase section */

/* Begin PBXSourcesBuildPhase section */
		53D084412AFF50B6007F9830 /* Sources */ = {
			isa = PBXSourcesBuildPhase;
			buildActionMask = 2147483647;
			files = (
				538C36532AFF58C400DF66CF /* LoginViewController.swift in Sources */,
				53D0844D2AFF50B6007F9830 /* ViewController.swift in Sources */,
				538C36922B08D88100DF66CF /* PostViewController.swift in Sources */,
				53D084492AFF50B6007F9830 /* AppDelegate.swift in Sources */,
				538C36942B08D8A700DF66CF /* ExploreViewController.swift in Sources */,
				538C36552AFF5A6700DF66CF /* CreateAccoutViewController.swift in Sources */,
				538C36962B08D8C400DF66CF /* ProfileViewController.swift in Sources */,
				53D0844B2AFF50B6007F9830 /* SceneDelegate.swift in Sources */,
				538C36902B089ED000DF66CF /* HomeViewController.swift in Sources */,
			);
			runOnlyForDeploymentPostprocessing = 0;
		};
/* End PBXSourcesBuildPhase section */

/* Begin PBXVariantGroup section */
		53D0844E2AFF50B7007F9830 /* Main.storyboard */ = {
			isa = PBXVariantGroup;
			children = (
				53D0844F2AFF50B7007F9830 /* Base */,
			);
			name = Main.storyboard;
			sourceTree = "<group>";
		};
		53D084532AFF50B9007F9830 /* LaunchScreen.storyboard */ = {
			isa = PBXVariantGroup;
			children = (
				53D084542AFF50B9007F9830 /* Base */,
			);
			name = LaunchScreen.storyboard;
			sourceTree = "<group>";
		};
/* End PBXVariantGroup section */

/* Begin XCBuildConfiguration section */
		53D084572AFF50B9007F9830 /* Debug */ = {
			isa = XCBuildConfiguration;
			buildSettings = {
				ALWAYS_SEARCH_USER_PATHS = NO;
				ASSETCATALOG_COMPILER_GENERATE_SWIFT_ASSET_SYMBOL_EXTENSIONS = YES;
				CLANG_ANALYZER_NONNULL = YES;
				CLANG_ANALYZER_NUMBER_OBJECT_CONVERSION = YES_AGGRESSIVE;
				CLANG_CXX_LANGUAGE_STANDARD = "gnu++20";
				CLANG_ENABLE_MODULES = YES;
				CLANG_ENABLE_OBJC_ARC = YES;
				CLANG_ENABLE_OBJC_WEAK = YES;
				CLANG_WARN_BLOCK_CAPTURE_AUTORELEASING = YES;
				CLANG_WARN_BOOL_CONVERSION = YES;
				CLANG_WARN_COMMA = YES;
				CLANG_WARN_CONSTANT_CONVERSION = YES;
				CLANG_WARN_DEPRECATED_OBJC_IMPLEMENTATIONS = YES;
				CLANG_WARN_DIRECT_OBJC_ISA_USAGE = YES_ERROR;
				CLANG_WARN_DOCUMENTATION_COMMENTS = YES;
				CLANG_WARN_EMPTY_BODY = YES;
				CLANG_WARN_ENUM_CONVERSION = YES;
				CLANG_WARN_INFINITE_RECURSION = YES;
				CLANG_WARN_INT_CONVERSION = YES;
				CLANG_WARN_NON_LITERAL_NULL_CONVERSION = YES;
				CLANG_WARN_OBJC_IMPLICIT_RETAIN_SELF = YES;
				CLANG_WARN_OBJC_LITERAL_CONVERSION = YES;
				CLANG_WARN_OBJC_ROOT_CLASS = YES_ERROR;
				CLANG_WARN_QUOTED_INCLUDE_IN_FRAMEWORK_HEADER = YES;
				CLANG_WARN_RANGE_LOOP_ANALYSIS = YES;
				CLANG_WARN_STRICT_PROTOTYPES = YES;
				CLANG_WARN_SUSPICIOUS_MOVE = YES;
				CLANG_WARN_UNGUARDED_AVAILABILITY = YES_AGGRESSIVE;
				CLANG_WARN_UNREACHABLE_CODE = YES;
				CLANG_WARN__DUPLICATE_METHOD_MATCH = YES;
				COPY_PHASE_STRIP = NO;
				DEBUG_INFORMATION_FORMAT = dwarf;
				ENABLE_STRICT_OBJC_MSGSEND = YES;
				ENABLE_TESTABILITY = YES;
				ENABLE_USER_SCRIPT_SANDBOXING = YES;
				GCC_C_LANGUAGE_STANDARD = gnu17;
				GCC_DYNAMIC_NO_PIC = NO;
				GCC_NO_COMMON_BLOCKS = YES;
				GCC_OPTIMIZATION_LEVEL = 0;
				GCC_PREPROCESSOR_DEFINITIONS = (
					"DEBUG=1",
					"$(inherited)",
				);
				GCC_WARN_64_TO_32_BIT_CONVERSION = YES;
				GCC_WARN_ABOUT_RETURN_TYPE = YES_ERROR;
				GCC_WARN_UNDECLARED_SELECTOR = YES;
				GCC_WARN_UNINITIALIZED_AUTOS = YES_AGGRESSIVE;
				GCC_WARN_UNUSED_FUNCTION = YES;
				GCC_WARN_UNUSED_VARIABLE = YES;
				IPHONEOS_DEPLOYMENT_TARGET = 17.0;
				LOCALIZATION_PREFERS_STRING_CATALOGS = YES;
				MTL_ENABLE_DEBUG_INFO = INCLUDE_SOURCE;
				MTL_FAST_MATH = YES;
				ONLY_ACTIVE_ARCH = YES;
				SDKROOT = iphoneos;
				SWIFT_ACTIVE_COMPILATION_CONDITIONS = "DEBUG $(inherited)";
				SWIFT_OPTIMIZATION_LEVEL = "-Onone";
			};
			name = Debug;
		};
		53D084582AFF50B9007F9830 /* Release */ = {
			isa = XCBuildConfiguration;
			buildSettings = {
				ALWAYS_SEARCH_USER_PATHS = NO;
				ASSETCATALOG_COMPILER_GENERATE_SWIFT_ASSET_SYMBOL_EXTENSIONS = YES;
				CLANG_ANALYZER_NONNULL = YES;
				CLANG_ANALYZER_NUMBER_OBJECT_CONVERSION = YES_AGGRESSIVE;
				CLANG_CXX_LANGUAGE_STANDARD = "gnu++20";
				CLANG_ENABLE_MODULES = YES;
				CLANG_ENABLE_OBJC_ARC = YES;
				CLANG_ENABLE_OBJC_WEAK = YES;
				CLANG_WARN_BLOCK_CAPTURE_AUTORELEASING = YES;
				CLANG_WARN_BOOL_CONVERSION = YES;
				CLANG_WARN_COMMA = YES;
				CLANG_WARN_CONSTANT_CONVERSION = YES;
				CLANG_WARN_DEPRECATED_OBJC_IMPLEMENTATIONS = YES;
				CLANG_WARN_DIRECT_OBJC_ISA_USAGE = YES_ERROR;
				CLANG_WARN_DOCUMENTATION_COMMENTS = YES;
				CLANG_WARN_EMPTY_BODY = YES;
				CLANG_WARN_ENUM_CONVERSION = YES;
				CLANG_WARN_INFINITE_RECURSION = YES;
				CLANG_WARN_INT_CONVERSION = YES;
				CLANG_WARN_NON_LITERAL_NULL_CONVERSION = YES;
				CLANG_WARN_OBJC_IMPLICIT_RETAIN_SELF = YES;
				CLANG_WARN_OBJC_LITERAL_CONVERSION = YES;
				CLANG_WARN_OBJC_ROOT_CLASS = YES_ERROR;
				CLANG_WARN_QUOTED_INCLUDE_IN_FRAMEWORK_HEADER = YES;
				CLANG_WARN_RANGE_LOOP_ANALYSIS = YES;
				CLANG_WARN_STRICT_PROTOTYPES = YES;
				CLANG_WARN_SUSPICIOUS_MOVE = YES;
				CLANG_WARN_UNGUARDED_AVAILABILITY = YES_AGGRESSIVE;
				CLANG_WARN_UNREACHABLE_CODE = YES;
				CLANG_WARN__DUPLICATE_METHOD_MATCH = YES;
				COPY_PHASE_STRIP = NO;
				DEBUG_INFORMATION_FORMAT = "dwarf-with-dsym";
				ENABLE_NS_ASSERTIONS = NO;
				ENABLE_STRICT_OBJC_MSGSEND = YES;
				ENABLE_USER_SCRIPT_SANDBOXING = YES;
				GCC_C_LANGUAGE_STANDARD = gnu17;
				GCC_NO_COMMON_BLOCKS = YES;
				GCC_WARN_64_TO_32_BIT_CONVERSION = YES;
				GCC_WARN_ABOUT_RETURN_TYPE = YES_ERROR;
				GCC_WARN_UNDECLARED_SELECTOR = YES;
				GCC_WARN_UNINITIALIZED_AUTOS = YES_AGGRESSIVE;
				GCC_WARN_UNUSED_FUNCTION = YES;
				GCC_WARN_UNUSED_VARIABLE = YES;
				IPHONEOS_DEPLOYMENT_TARGET = 17.0;
				LOCALIZATION_PREFERS_STRING_CATALOGS = YES;
				MTL_ENABLE_DEBUG_INFO = NO;
				MTL_FAST_MATH = YES;
				SDKROOT = iphoneos;
				SWIFT_COMPILATION_MODE = wholemodule;
				VALIDATE_PRODUCT = YES;
			};
			name = Release;
		};
		53D0845A2AFF50B9007F9830 /* Debug */ = {
			isa = XCBuildConfiguration;
			buildSettings = {
				ASSETCATALOG_COMPILER_APPICON_NAME = AppIcon;
				ASSETCATALOG_COMPILER_GLOBAL_ACCENT_COLOR_NAME = AccentColor;
				CODE_SIGN_STYLE = Automatic;
				CURRENT_PROJECT_VERSION = 1;
				DEVELOPMENT_TEAM = RF893AAW38;
				GENERATE_INFOPLIST_FILE = YES;
				INFOPLIST_FILE = ActiveVillage/Info.plist;
				INFOPLIST_KEY_UIApplicationSupportsIndirectInputEvents = YES;
				INFOPLIST_KEY_UILaunchStoryboardName = LaunchScreen;
				INFOPLIST_KEY_UIMainStoryboardFile = Main;
				INFOPLIST_KEY_UISupportedInterfaceOrientations_iPad = "UIInterfaceOrientationPortrait UIInterfaceOrientationPortraitUpsideDown UIInterfaceOrientationLandscapeLeft UIInterfaceOrientationLandscapeRight";
				INFOPLIST_KEY_UISupportedInterfaceOrientations_iPhone = "UIInterfaceOrientationPortrait UIInterfaceOrientationLandscapeLeft UIInterfaceOrientationLandscapeRight";
				LD_RUNPATH_SEARCH_PATHS = (
					"$(inherited)",
					"@executable_path/Frameworks",
				);
				MARKETING_VERSION = 1.0;
				PRODUCT_BUNDLE_IDENTIFIER = ChristieBeaubrun.ActiveVillage;
				PRODUCT_NAME = "$(TARGET_NAME)";
				SWIFT_EMIT_LOC_STRINGS = YES;
				SWIFT_VERSION = 5.0;
				TARGETED_DEVICE_FAMILY = "1,2";
			};
			name = Debug;
		};
		53D0845B2AFF50B9007F9830 /* Release */ = {
			isa = XCBuildConfiguration;
			buildSettings = {
				ASSETCATALOG_COMPILER_APPICON_NAME = AppIcon;
				ASSETCATALOG_COMPILER_GLOBAL_ACCENT_COLOR_NAME = AccentColor;
				CODE_SIGN_STYLE = Automatic;
				CURRENT_PROJECT_VERSION = 1;
				DEVELOPMENT_TEAM = RF893AAW38;
				GENERATE_INFOPLIST_FILE = YES;
				INFOPLIST_FILE = ActiveVillage/Info.plist;
				INFOPLIST_KEY_UIApplicationSupportsIndirectInputEvents = YES;
				INFOPLIST_KEY_UILaunchStoryboardName = LaunchScreen;
				INFOPLIST_KEY_UIMainStoryboardFile = Main;
				INFOPLIST_KEY_UISupportedInterfaceOrientations_iPad = "UIInterfaceOrientationPortrait UIInterfaceOrientationPortraitUpsideDown UIInterfaceOrientationLandscapeLeft UIInterfaceOrientationLandscapeRight";
				INFOPLIST_KEY_UISupportedInterfaceOrientations_iPhone = "UIInterfaceOrientationPortrait UIInterfaceOrientationLandscapeLeft UIInterfaceOrientationLandscapeRight";
				LD_RUNPATH_SEARCH_PATHS = (
					"$(inherited)",
					"@executable_path/Frameworks",
				);
				MARKETING_VERSION = 1.0;
				PRODUCT_BUNDLE_IDENTIFIER = ChristieBeaubrun.ActiveVillage;
				PRODUCT_NAME = "$(TARGET_NAME)";
				SWIFT_EMIT_LOC_STRINGS = YES;
				SWIFT_VERSION = 5.0;
				TARGETED_DEVICE_FAMILY = "1,2";
			};
			name = Release;
		};
/* End XCBuildConfiguration section */

/* Begin XCConfigurationList section */
		53D084402AFF50B6007F9830 /* Build configuration list for PBXProject "ActiveVillage" */ = {
			isa = XCConfigurationList;
			buildConfigurations = (
				53D084572AFF50B9007F9830 /* Debug */,
				53D084582AFF50B9007F9830 /* Release */,
			);
			defaultConfigurationIsVisible = 0;
			defaultConfigurationName = Release;
		};
		53D084592AFF50B9007F9830 /* Build configuration list for PBXNativeTarget "ActiveVillage" */ = {
			isa = XCConfigurationList;
			buildConfigurations = (
				53D0845A2AFF50B9007F9830 /* Debug */,
				53D0845B2AFF50B9007F9830 /* Release */,
			);
			defaultConfigurationIsVisible = 0;
			defaultConfigurationName = Release;
		};
/* End XCConfigurationList section */

/* Begin XCRemoteSwiftPackageReference section */
		538C36582AFF5DAB00DF66CF /* XCRemoteSwiftPackageReference "firebase-ios-sdk" */ = {
			isa = XCRemoteSwiftPackageReference;
			repositoryURL = "https://github.com/firebase/firebase-ios-sdk";
			requirement = {
				kind = upToNextMajorVersion;
				minimumVersion = 10.17.0;
			};
		};
/* End XCRemoteSwiftPackageReference section */

/* Begin XCSwiftPackageProductDependency section */
		538C36592AFF5DAB00DF66CF /* FirebaseAnalytics */ = {
			isa = XCSwiftPackageProductDependency;
			package = 538C36582AFF5DAB00DF66CF /* XCRemoteSwiftPackageReference "firebase-ios-sdk" */;
			productName = FirebaseAnalytics;
		};
		538C365B2AFF5DAB00DF66CF /* FirebaseAnalyticsOnDeviceConversion */ = {
			isa = XCSwiftPackageProductDependency;
			package = 538C36582AFF5DAB00DF66CF /* XCRemoteSwiftPackageReference "firebase-ios-sdk" */;
			productName = FirebaseAnalyticsOnDeviceConversion;
		};
		538C365D2AFF5DAB00DF66CF /* FirebaseAnalyticsSwift */ = {
			isa = XCSwiftPackageProductDependency;
			package = 538C36582AFF5DAB00DF66CF /* XCRemoteSwiftPackageReference "firebase-ios-sdk" */;
			productName = FirebaseAnalyticsSwift;
		};
		538C365F2AFF5DAB00DF66CF /* FirebaseAnalyticsWithoutAdIdSupport */ = {
			isa = XCSwiftPackageProductDependency;
			package = 538C36582AFF5DAB00DF66CF /* XCRemoteSwiftPackageReference "firebase-ios-sdk" */;
			productName = FirebaseAnalyticsWithoutAdIdSupport;
		};
		538C36612AFF5DAB00DF66CF /* FirebaseAppCheck */ = {
			isa = XCSwiftPackageProductDependency;
			package = 538C36582AFF5DAB00DF66CF /* XCRemoteSwiftPackageReference "firebase-ios-sdk" */;
			productName = FirebaseAppCheck;
		};
		538C36632AFF5DAB00DF66CF /* FirebaseAppDistribution-Beta */ = {
			isa = XCSwiftPackageProductDependency;
			package = 538C36582AFF5DAB00DF66CF /* XCRemoteSwiftPackageReference "firebase-ios-sdk" */;
			productName = "FirebaseAppDistribution-Beta";
		};
		538C36652AFF5DAB00DF66CF /* FirebaseAuth */ = {
			isa = XCSwiftPackageProductDependency;
			package = 538C36582AFF5DAB00DF66CF /* XCRemoteSwiftPackageReference "firebase-ios-sdk" */;
			productName = FirebaseAuth;
		};
		538C36672AFF5DAB00DF66CF /* FirebaseAuthCombine-Community */ = {
			isa = XCSwiftPackageProductDependency;
			package = 538C36582AFF5DAB00DF66CF /* XCRemoteSwiftPackageReference "firebase-ios-sdk" */;
			productName = "FirebaseAuthCombine-Community";
		};
		538C36692AFF5DAB00DF66CF /* FirebaseCrashlytics */ = {
			isa = XCSwiftPackageProductDependency;
			package = 538C36582AFF5DAB00DF66CF /* XCRemoteSwiftPackageReference "firebase-ios-sdk" */;
			productName = FirebaseCrashlytics;
		};
		538C366B2AFF5DAB00DF66CF /* FirebaseDatabase */ = {
			isa = XCSwiftPackageProductDependency;
			package = 538C36582AFF5DAB00DF66CF /* XCRemoteSwiftPackageReference "firebase-ios-sdk" */;
			productName = FirebaseDatabase;
		};
		538C366D2AFF5DAB00DF66CF /* FirebaseDatabaseSwift */ = {
			isa = XCSwiftPackageProductDependency;
			package = 538C36582AFF5DAB00DF66CF /* XCRemoteSwiftPackageReference "firebase-ios-sdk" */;
			productName = FirebaseDatabaseSwift;
		};
		538C366F2AFF5DAB00DF66CF /* FirebaseDynamicLinks */ = {
			isa = XCSwiftPackageProductDependency;
			package = 538C36582AFF5DAB00DF66CF /* XCRemoteSwiftPackageReference "firebase-ios-sdk" */;
			productName = FirebaseDynamicLinks;
		};
		538C36712AFF5DAB00DF66CF /* FirebaseFirestore */ = {
			isa = XCSwiftPackageProductDependency;
			package = 538C36582AFF5DAB00DF66CF /* XCRemoteSwiftPackageReference "firebase-ios-sdk" */;
			productName = FirebaseFirestore;
		};
		538C36732AFF5DAB00DF66CF /* FirebaseFirestoreCombine-Community */ = {
			isa = XCSwiftPackageProductDependency;
			package = 538C36582AFF5DAB00DF66CF /* XCRemoteSwiftPackageReference "firebase-ios-sdk" */;
			productName = "FirebaseFirestoreCombine-Community";
		};
		538C36752AFF5DAB00DF66CF /* FirebaseFirestoreSwift */ = {
			isa = XCSwiftPackageProductDependency;
			package = 538C36582AFF5DAB00DF66CF /* XCRemoteSwiftPackageReference "firebase-ios-sdk" */;
			productName = FirebaseFirestoreSwift;
		};
		538C36772AFF5DAB00DF66CF /* FirebaseFunctions */ = {
			isa = XCSwiftPackageProductDependency;
			package = 538C36582AFF5DAB00DF66CF /* XCRemoteSwiftPackageReference "firebase-ios-sdk" */;
			productName = FirebaseFunctions;
		};
		538C36792AFF5DAB00DF66CF /* FirebaseFunctionsCombine-Community */ = {
			isa = XCSwiftPackageProductDependency;
			package = 538C36582AFF5DAB00DF66CF /* XCRemoteSwiftPackageReference "firebase-ios-sdk" */;
			productName = "FirebaseFunctionsCombine-Community";
		};
		538C367B2AFF5DAB00DF66CF /* FirebaseInAppMessaging-Beta */ = {
			isa = XCSwiftPackageProductDependency;
			package = 538C36582AFF5DAB00DF66CF /* XCRemoteSwiftPackageReference "firebase-ios-sdk" */;
			productName = "FirebaseInAppMessaging-Beta";
		};
		538C367D2AFF5DAB00DF66CF /* FirebaseInAppMessagingSwift-Beta */ = {
			isa = XCSwiftPackageProductDependency;
			package = 538C36582AFF5DAB00DF66CF /* XCRemoteSwiftPackageReference "firebase-ios-sdk" */;
			productName = "FirebaseInAppMessagingSwift-Beta";
		};
		538C367F2AFF5DAB00DF66CF /* FirebaseInstallations */ = {
			isa = XCSwiftPackageProductDependency;
			package = 538C36582AFF5DAB00DF66CF /* XCRemoteSwiftPackageReference "firebase-ios-sdk" */;
			productName = FirebaseInstallations;
		};
		538C36812AFF5DAB00DF66CF /* FirebaseMLModelDownloader */ = {
			isa = XCSwiftPackageProductDependency;
			package = 538C36582AFF5DAB00DF66CF /* XCRemoteSwiftPackageReference "firebase-ios-sdk" */;
			productName = FirebaseMLModelDownloader;
		};
		538C36832AFF5DAB00DF66CF /* FirebaseMessaging */ = {
			isa = XCSwiftPackageProductDependency;
			package = 538C36582AFF5DAB00DF66CF /* XCRemoteSwiftPackageReference "firebase-ios-sdk" */;
			productName = FirebaseMessaging;
		};
		538C36852AFF5DAB00DF66CF /* FirebasePerformance */ = {
			isa = XCSwiftPackageProductDependency;
			package = 538C36582AFF5DAB00DF66CF /* XCRemoteSwiftPackageReference "firebase-ios-sdk" */;
			productName = FirebasePerformance;
		};
		538C36872AFF5DAB00DF66CF /* FirebaseRemoteConfig */ = {
			isa = XCSwiftPackageProductDependency;
			package = 538C36582AFF5DAB00DF66CF /* XCRemoteSwiftPackageReference "firebase-ios-sdk" */;
			productName = FirebaseRemoteConfig;
		};
		538C36892AFF5DAB00DF66CF /* FirebaseRemoteConfigSwift */ = {
			isa = XCSwiftPackageProductDependency;
			package = 538C36582AFF5DAB00DF66CF /* XCRemoteSwiftPackageReference "firebase-ios-sdk" */;
			productName = FirebaseRemoteConfigSwift;
		};
		538C368B2AFF5DAB00DF66CF /* FirebaseStorage */ = {
			isa = XCSwiftPackageProductDependency;
			package = 538C36582AFF5DAB00DF66CF /* XCRemoteSwiftPackageReference "firebase-ios-sdk" */;
			productName = FirebaseStorage;
		};
		538C368D2AFF5DAB00DF66CF /* FirebaseStorageCombine-Community */ = {
			isa = XCSwiftPackageProductDependency;
			package = 538C36582AFF5DAB00DF66CF /* XCRemoteSwiftPackageReference "firebase-ios-sdk" */;
			productName = "FirebaseStorageCombine-Community";
		};
/* End XCSwiftPackageProductDependency section */
	};
	rootObject = 53D0843D2AFF50B6007F9830 /* Project object */;
}
